# THIS IS AN AUTOGENERATED FILE. DO NOT EDIT THIS FILE DIRECTLY.
# yarn lockfile v1


chart.js@^3.9.1:
  version "3.9.1"
  resolved "https://registry.yarnpkg.com/chart.js/-/chart.js-3.9.1.tgz#3abf2c775169c4c71217a107163ac708515924b8"
  integrity sha512-Ro2JbLmvg83gXF5F4sniaQ+lTbSv18E+TIf2cOeiH1Iqd2PGFOtem+DUufMZsCJwFE7ywPOpfXFBwRTGq7dh6w==

csv-parse@^5.3.0:
  version "5.3.0"
  resolved "https://registry.yarnpkg.com/csv-parse/-/csv-parse-5.3.0.tgz#85cc02fc9d1c89bd1b02e69069c960f8b8064322"
  integrity sha512-UXJCGwvJ2fep39purtAn27OUYmxB1JQto+zhZ4QlJpzsirtSFbzLvip1aIgziqNdZp/TptvsKEV5BZSxe10/DQ==
